
Microsoft Visual Studio Solution File, Format Version 12.00
# Visual Studio Version 17
VisualStudioVersion = 17.0.31903.59
MinimumVisualStudioVersion = 10.0.40219.1
Project("{2150E333-8FDC-42A3-9474-1A3956D46DE8}") = "src", "src", "{827E0CD3-B72D-47B6-A68D-7590B98EB39B}"
EndProject
Project("{FAE04EC0-301F-11D3-BF4B-00C04F79EFBC}") = "Cloude.Nucleo", "src\Cloude.Nucleo\Cloude.Nucleo.csproj", "{5A993D36-5EC8-4091-ADFE-9FFC9FDFBB9E}"
EndProject
Project("{FAE04EC0-301F-11D3-BF4B-00C04F79EFBC}") = "Cloude.Dati", "src\Cloude.Dati\Cloude.Dati.csproj", "{1FE25EB5-127F-45E4-8892-DAD42C27BCDE}"
EndProject
Project("{FAE04EC0-301F-11D3-BF4B-00C04F79EFBC}") = "Cloude.App", "src\Cloude.App\Cloude.App.csproj", "{4C684D35-ABE9-4D9E-89AF-0A367B2C3B45}"
EndProject
Project("{FAE04EC0-301F-11D3-BF4B-00C04F79EFBC}") = "Cloude.Demo", "src\Cloude.Demo\Cloude.Demo.csproj", "{33B0C4FE-5E25-4E55-AD4D-7BA71EB43251}"
EndProject
Project("{2150E333-8FDC-42A3-9474-1A3956D46DE8}") = "test", "test", "{0C88DD14-F956-CE84-757C-A364CCF449FC}"
EndProject
Project("{FAE04EC0-301F-11D3-BF4B-00C04F79EFBC}") = "Cloude.Test", "test\Cloude.Test\Cloude.Test.csproj", "{CA8BC862-7264-4D99-BA20-E6B7C7DAEF9E}"
EndProject
Global
	GlobalSection(SolutionConfigurationPlatforms) = preSolution
		Debug|Any CPU = Debug|Any CPU
		Debug|x64 = Debug|x64
		Debug|x86 = Debug|x86
		Release|Any CPU = Release|Any CPU
		Release|x64 = Release|x64
		Release|x86 = Release|x86
	EndGlobalSection
	GlobalSection(ProjectConfigurationPlatforms) = postSolution
		{5A993D36-5EC8-4091-ADFE-9FFC9FDFBB9E}.Debug|Any CPU.ActiveCfg = Debug|Any CPU
		{5A993D36-5EC8-4091-ADFE-9FFC9FDFBB9E}.Debug|Any CPU.Build.0 = Debug|Any CPU
		{5A993D36-5EC8-4091-ADFE-9FFC9FDFBB9E}.Debug|x64.ActiveCfg = Debug|Any CPU
		{5A993D36-5EC8-4091-ADFE-9FFC9FDFBB9E}.Debug|x64.Build.0 = Debug|Any CPU
		{5A993D36-5EC8-4091-ADFE-9FFC9FDFBB9E}.Debug|x86.ActiveCfg = Debug|Any CPU
		{5A993D36-5EC8-4091-ADFE-9FFC9FDFBB9E}.Debug|x86.Build.0 = Debug|Any CPU
		{5A993D36-5EC8-4091-ADFE-9FFC9FDFBB9E}.Release|Any CPU.ActiveCfg = Release|Any CPU
		{5A993D36-5EC8-4091-ADFE-9FFC9FDFBB9E}.Release|Any CPU.Build.0 = Release|Any CPU
		{5A993D36-5EC8-4091-ADFE-9FFC9FDFBB9E}.Release|x64.ActiveCfg = Release|Any CPU
		{5A993D36-5EC8-4091-ADFE-9FFC9FDFBB9E}.Release|x64.Build.0 = Release|Any CPU
		{5A993D36-5EC8-4091-ADFE-9FFC9FDFBB9E}.Release|x86.ActiveCfg = Release|Any CPU
		{5A993D36-5EC8-4091-ADFE-9FFC9FDFBB9E}.Release|x86.Build.0 = Release|Any CPU
		{1FE25EB5-127F-45E4-8892-DAD42C27BCDE}.Debug|Any CPU.ActiveCfg = Debug|Any CPU
		{1FE25EB5-127F-45E4-8892-DAD42C27BCDE}.Debug|Any CPU.Build.0 = Debug|Any CPU
		{1FE25EB5-127F-45E4-8892-DAD42C27BCDE}.Debug|x64.ActiveCfg = Debug|Any CPU
		{1FE25EB5-127F-45E4-8892-DAD42C27BCDE}.Debug|x64.Build.0 = Debug|Any CPU
		{1FE25EB5-127F-45E4-8892-DAD42C27BCDE}.Debug|x86.ActiveCfg = Debug|Any CPU
		{1FE25EB5-127F-45E4-8892-DAD42C27BCDE}.Debug|x86.Build.0 = Debug|Any CPU
		{1FE25EB5-127F-45E4-8892-DAD42C27BCDE}.Release|Any CPU.ActiveCfg = Release|Any CPU
		{1FE25EB5-127F-45E4-8892-DAD42C27BCDE}.Release|Any CPU.Build.0 = Release|Any CPU
		{1FE25EB5-127F-45E4-8892-DAD42C27BCDE}.Release|x64.ActiveCfg = Release|Any CPU
		{1FE25EB5-127F-45E4-8892-DAD42C27BCDE}.Release|x64.Build.0 = Release|Any CPU
		{1FE25EB5-127F-45E4-8892-DAD42C27BCDE}.Release|x86.ActiveCfg = Release|Any CPU
		{1FE25EB5-127F-45E4-8892-DAD42C27BCDE}.Release|x86.Build.0 = Release|Any CPU
		{4C684D35-ABE9-4D9E-89AF-0A367B2C3B45}.Debug|Any CPU.ActiveCfg = Debug|Any CPU
		{4C684D35-ABE9-4D9E-89AF-0A367B2C3B45}.Debug|Any CPU.Build.0 = Debug|Any CPU
		{4C684D35-ABE9-4D9E-89AF-0A367B2C3B45}.Debug|x64.ActiveCfg = Debug|Any CPU
		{4C684D35-ABE9-4D9E-89AF-0A367B2C3B45}.Debug|x64.Build.0 = Debug|Any CPU
		{4C684D35-ABE9-4D9E-89AF-0A367B2C3B45}.Debug|x86.ActiveCfg = Debug|Any CPU
		{4C684D35-ABE9-4D9E-89AF-0A367B2C3B45}.Debug|x86.Build.0 = Debug|Any CPU
		{4C684D35-ABE9-4D9E-89AF-0A367B2C3B45}.Release|Any CPU.ActiveCfg = Release|Any CPU
		{4C684D35-ABE9-4D9E-89AF-0A367B2C3B45}.Release|Any CPU.Build.0 = Release|Any CPU
		{4C684D35-ABE9-4D9E-89AF-0A367B2C3B45}.Release|x64.ActiveCfg = Release|Any CPU
		{4C684D35-ABE9-4D9E-89AF-0A367B2C3B45}.Release|x64.Build.0 = Release|Any CPU
		{4C684D35-ABE9-4D9E-89AF-0A367B2C3B45}.Release|x86.ActiveCfg = Release|Any CPU
		{4C684D35-ABE9-4D9E-89AF-0A367B2C3B45}.Release|x86.Build.0 = Release|Any CPU
		{33B0C4FE-5E25-4E55-AD4D-7BA71EB43251}.Debug|Any CPU.ActiveCfg = Debug|Any CPU
		{33B0C4FE-5E25-4E55-AD4D-7BA71EB43251}.Debug|Any CPU.Build.0 = Debug|Any CPU
		{33B0C4FE-5E25-4E55-AD4D-7BA71EB43251}.Debug|x64.ActiveCfg = Debug|Any CPU
		{33B0C4FE-5E25-4E55-AD4D-7BA71EB43251}.Debug|x64.Build.0 = Debug|Any CPU
		{33B0C4FE-5E25-4E55-AD4D-7BA71EB43251}.Debug|x86.ActiveCfg = Debug|Any CPU
		{33B0C4FE-5E25-4E55-AD4D-7BA71EB43251}.Debug|x86.Build.0 = Debug|Any CPU
		{33B0C4FE-5E25-4E55-AD4D-7BA71EB43251}.Release|Any CPU.ActiveCfg = Release|Any CPU
		{33B0C4FE-5E25-4E55-AD4D-7BA71EB43251}.Release|Any CPU.Build.0 = Release|Any CPU
		{33B0C4FE-5E25-4E55-AD4D-7BA71EB43251}.Release|x64.ActiveCfg = Release|Any CPU
		{33B0C4FE-5E25-4E55-AD4D-7BA71EB43251}.Release|x64.Build.0 = Release|Any CPU
		{33B0C4FE-5E25-4E55-AD4D-7BA71EB43251}.Release|x86.ActiveCfg = Release|Any CPU
		{33B0C4FE-5E25-4E55-AD4D-7BA71EB43251}.Release|x86.Build.0 = Release|Any CPU
		{CA8BC862-7264-4D99-BA20-E6B7C7DAEF9E}.Debug|Any CPU.ActiveCfg = Debug|Any CPU
		{CA8BC862-7264-4D99-BA20-E6B7C7DAEF9E}.Debug|Any CPU.Build.0 = Debug|Any CPU
		{CA8BC862-7264-4D99-BA20-E6B7C7DAEF9E}.Debug|x64.ActiveCfg = Debug|Any CPU
		{CA8BC862-7264-4D99-BA20-E6B7C7DAEF9E}.Debug|x64.Build.0 = Debug|Any CPU
		{CA8BC862-7264-4D99-BA20-E6B7C7DAEF9E}.Debug|x86.ActiveCfg = Debug|Any CPU
		{CA8BC862-7264-4D99-BA20-E6B7C7DAEF9E}.Debug|x86.Build.0 = Debug|Any CPU
		{CA8BC862-7264-4D99-BA20-E6B7C7DAEF9E}.Release|Any CPU.ActiveCfg = Release|Any CPU
		{CA8BC862-7264-4D99-BA20-E6B7C7DAEF9E}.Release|Any CPU.Build.0 = Release|Any CPU
		{CA8BC862-7264-4D99-BA20-E6B7C7DAEF9E}.Release|x64.ActiveCfg = Release|Any CPU
		{CA8BC862-7264-4D99-BA20-E6B7C7DAEF9E}.Release|x64.Build.0 = Release|Any CPU
		{CA8BC862-7264-4D99-BA20-E6B7C7DAEF9E}.Release|x86.ActiveCfg = Release|Any CPU
		{CA8BC862-7264-4D99-BA20-E6B7C7DAEF9E}.Release|x86.Build.0 = Release|Any CPU
	EndGlobalSection
	GlobalSection(SolutionProperties) = preSolution
		HideSolutionNode = FALSE
	EndGlobalSection
	GlobalSection(NestedProjects) = preSolution
		{5A993D36-5EC8-4091-ADFE-9FFC9FDFBB9E} = {827E0CD3-B72D-47B6-A68D-7590B98EB39B}
		{1FE25EB5-127F-45E4-8892-DAD42C27BCDE} = {827E0CD3-B72D-47B6-A68D-7590B98EB39B}
		{4C684D35-ABE9-4D9E-89AF-0A367B2C3B45} = {827E0CD3-B72D-47B6-A68D-7590B98EB39B}
		{33B0C4FE-5E25-4E55-AD4D-7BA71EB43251} = {827E0CD3-B72D-47B6-A68D-7590B98EB39B}
		{CA8BC862-7264-4D99-BA20-E6B7C7DAEF9E} = {0C88DD14-F956-CE84-757C-A364CCF449FC}
	EndGlobalSection
EndGlobal
